
Microsoft Visual Studio Solution File, Format Version 12.00
# Visual Studio Version 16
VisualStudioVersion = 16.0.31025.194
MinimumVisualStudioVersion = 10.0.40219.1
Project("{FAE04EC0-301F-11D3-BF4B-00C04F79EFBC}") = "exercise4", "exercise4\exercise4.csproj", "{9A34F1F7-F677-468F-9F06-8825E2E2735E}"
EndProject
Global
	GlobalSection(SolutionConfigurationPlatforms) = preSolution
		Debug|Any CPU = Debug|Any CPU
		Release|Any CPU = Release|Any CPU
	EndGlobalSection
	GlobalSection(ProjectConfigurationPlatforms) = postSolution
		{9A34F1F7-F677-468F-9F06-8825E2E2735E}.Debug|Any CPU.ActiveCfg = Debug|Any CPU
		{9A34F1F7-F677-468F-9F06-8825E2E2735E}.Debug|Any CPU.Build.0 = Debug|Any CPU
		{9A34F1F7-F677-468F-9F06-8825E2E2735E}.Release|Any CPU.ActiveCfg = Release|Any CPU
		{9A34F1F7-F677-468F-9F06-8825E2E2735E}.Release|Any CPU.Build.0 = Release|Any CPU
	EndGlobalSection
	GlobalSection(SolutionProperties) = preSolution
		HideSolutionNode = FALSE
	EndGlobalSection
	GlobalSection(ExtensibilityGlobals) = postSolution
		SolutionGuid = {F1945AB0-83AF-410D-9261-A59FE0722646}
	EndGlobalSection
EndGlobal
